
Microsoft Visual Studio Solution File, Format Version 12.00
# Visual Studio Version 17
VisualStudioVersion = 17.2.32630.192
MinimumVisualStudioVersion = 10.0.40219.1
Project("{FAE04EC0-301F-11D3-BF4B-00C04F79EFBC}") = "p20231031", "p20231031\p20231031.csproj", "{E033620B-B403-4713-B847-3FB555944285}"
EndProject
Global
	GlobalSection(SolutionConfigurationPlatforms) = preSolution
		Debug|Any CPU = Debug|Any CPU
		Release|Any CPU = Release|Any CPU
	EndGlobalSection
	GlobalSection(ProjectConfigurationPlatforms) = postSolution
		{E033620B-B403-4713-B847-3FB555944285}.Debug|Any CPU.ActiveCfg = Debug|Any CPU
		{E033620B-B403-4713-B847-3FB555944285}.Debug|Any CPU.Build.0 = Debug|Any CPU
		{E033620B-B403-4713-B847-3FB555944285}.Release|Any CPU.ActiveCfg = Release|Any CPU
		{E033620B-B403-4713-B847-3FB555944285}.Release|Any CPU.Build.0 = Release|Any CPU
	EndGlobalSection
	GlobalSection(SolutionProperties) = preSolution
		HideSolutionNode = FALSE
	EndGlobalSection
	GlobalSection(ExtensibilityGlobals) = postSolution
		SolutionGuid = {4A8E29B4-7A93-4B5B-9197-32862CFE80A2}
	EndGlobalSection
EndGlobal
